<?xml version="1.0" encoding="utf-8"?>
<Project ToolsVersion="4.0" xmlns="http://schemas.microsoft.com/developer/msbuild/2003">
  <ItemGroup>
    <Filter Include="Source Files">
      <UniqueIdentifier>{4FC737F1-C7A5-4376-A066-2A32D752A2FF}</UniqueIdentifier>
      <Extensions>cpp;c;cc;cxx;c++;cppm;ixx;def;odl;idl;hpj;bat;asm;asmx</Extensions>
    </Filter>
    <Filter Include="Header Files">
      <UniqueIdentifier>{93995380-89BD-4b04-88EB-625FBE52EBFB}</UniqueIdentifier>
      <Extensions>h;hh;hpp;hxx;h++;hm;inl;inc;ipp;xsd</Extensions>
    </Filter>
    <Filter Include="Resource Files">
      <UniqueIdentifier>{67DA6AB6-F800-4c08-8B7A-83BB121AAD01}</UniqueIdentifier>
      <Extensions>rc;ico;cur;bmp;dlg;rc2;rct;bin;rgs;gif;jpg;jpeg;jpe;resx;tiff;tif;png;wav;mfcribbon-ms</Extensions>
    </Filter>
    <Filter Include="Source Files\expression">
      <UniqueIdentifier>{47acf7e1-4756-4a7c-9760-ac86fcfcb26c}</UniqueIdentifier>
    </Filter>
    <Filter Include="Header Files\expression">
      <UniqueIdentifier>{37040745-4858-44c8-a1af-3cdf951a77c9}</UniqueIdentifier>
    </Filter>
    <Filter Include="Header Files\statements">
      <UniqueIdentifier>{04cddfb6-58b9-4078-884d-cf5e4ab00fb8}</UniqueIdentifier>
    </Filter>
    <Filter Include="Source Files\statements">
      <UniqueIdentifier>{f30e5127-f3ac-4d9b-929e-764777f60046}</UniqueIdentifier>
    </Filter>
  </ItemGroup>
  <ItemGroup>
    <ClCompile Include="main.cpp">
      <Filter>Source Files</Filter>
    </ClCompile>
    <ClCompile Include="lexer.cpp">
      <Filter>Source Files</Filter>
    </ClCompile>
    <ClCompile Include="parser.cpp">
      <Filter>Source Files</Filter>
    </ClCompile>
    <ClCompile Include="astnode.cpp">
      <Filter>Source Files</Filter>
    </ClCompile>
    <ClCompile Include="astnodehelper.cpp">
      <Filter>Source Files</Filter>
    </ClCompile>
    <ClCompile Include="syntaxtoken.cpp">
      <Filter>Source Files</Filter>
    </ClCompile>
    <ClCompile Include="token.cpp">
      <Filter>Source Files</Filter>
    </ClCompile>
    <ClCompile Include="evaluator.cpp">
      <Filter>Source Files</Filter>
    </ClCompile>
    <ClCompile Include="binaryexpression.cpp">
      <Filter>Source Files\expression</Filter>
    </ClCompile>
    <ClCompile Include="numbernode.cpp">
      <Filter>Source Files\expression</Filter>
    </ClCompile>
    <ClCompile Include="unarynode.cpp">
      <Filter>Source Files\expression</Filter>
    </ClCompile>
    <ClCompile Include="printstmtnode.cpp">
      <Filter>Source Files\statements</Filter>
    </ClCompile>
    <ClCompile Include="expressionstmtnode.cpp">
      <Filter>Source Files\statements</Filter>
    </ClCompile>
    <ClCompile Include="boolnode.cpp">
      <Filter>Source Files\expression</Filter>
    </ClCompile>
  </ItemGroup>
  <ItemGroup>
    <ClInclude Include="lexer.hpp">
      <Filter>Header Files</Filter>
    </ClInclude>
    <ClInclude Include="parser.hpp">
      <Filter>Header Files</Filter>
    </ClInclude>
    <ClInclude Include="astnode.hpp">
      <Filter>Header Files</Filter>
    </ClInclude>
    <ClInclude Include="astnodehelper.hpp">
      <Filter>Header Files</Filter>
    </ClInclude>
    <ClInclude Include="syntaxtoken.hpp">
      <Filter>Header Files</Filter>
    </ClInclude>
    <ClInclude Include="token.hpp">
      <Filter>Header Files</Filter>
    </ClInclude>
    <ClInclude Include="evaluator.hpp">
      <Filter>Header Files</Filter>
    </ClInclude>
    <ClInclude Include="binaryexpression.hpp">
      <Filter>Header Files\expression</Filter>
    </ClInclude>
    <ClInclude Include="numbernode.hpp">
      <Filter>Header Files\expression</Filter>
    </ClInclude>
    <ClInclude Include="unarynode.hpp">
      <Filter>Header Files\expression</Filter>
    </ClInclude>
    <ClInclude Include="printstmtnode.hpp">
      <Filter>Header Files\statements</Filter>
    </ClInclude>
    <ClInclude Include="boolnode.hpp">
      <Filter>Header Files\expression</Filter>
    </ClInclude>
    <ClInclude Include="expressionstmtnode.hpp">
      <Filter>Header Files\statements</Filter>
    </ClInclude>
  </ItemGroup>
  <ItemGroup>
    <Text Include="grammar.txt" />
    <Text Include="todo.txt" />
  </ItemGroup>
</Project>